
Microsoft Visual Studio Solution File, Format Version 12.00
# Visual Studio Version 17
VisualStudioVersion = 17.8.34525.116
MinimumVisualStudioVersion = 10.0.40219.1
Project("{FAE04EC0-301F-11D3-BF4B-00C04F79EFBC}") = "Week9Lists", "Week9Lists\Week9Lists.csproj", "{38D310FC-FD15-49DA-8B02-EB2EC0EF22BD}"
EndProject
Project("{FAE04EC0-301F-11D3-BF4B-00C04F79EFBC}") = "N9TK01", "N9TK01\N9TK01.csproj", "{B7FACBD4-658A-4A0E-91AF-01BF8C2EF062}"
EndProject
Global
	GlobalSection(SolutionConfigurationPlatforms) = preSolution
		Debug|Any CPU = Debug|Any CPU
		Release|Any CPU = Release|Any CPU
	EndGlobalSection
	GlobalSection(ProjectConfigurationPlatforms) = postSolution
		{38D310FC-FD15-49DA-8B02-EB2EC0EF22BD}.Debug|Any CPU.ActiveCfg = Debug|Any CPU
		{38D310FC-FD15-49DA-8B02-EB2EC0EF22BD}.Debug|Any CPU.Build.0 = Debug|Any CPU
		{38D310FC-FD15-49DA-8B02-EB2EC0EF22BD}.Release|Any CPU.ActiveCfg = Release|Any CPU
		{38D310FC-FD15-49DA-8B02-EB2EC0EF22BD}.Release|Any CPU.Build.0 = Release|Any CPU
		{B7FACBD4-658A-4A0E-91AF-01BF8C2EF062}.Debug|Any CPU.ActiveCfg = Debug|Any CPU
		{B7FACBD4-658A-4A0E-91AF-01BF8C2EF062}.Debug|Any CPU.Build.0 = Debug|Any CPU
		{B7FACBD4-658A-4A0E-91AF-01BF8C2EF062}.Release|Any CPU.ActiveCfg = Release|Any CPU
		{B7FACBD4-658A-4A0E-91AF-01BF8C2EF062}.Release|Any CPU.Build.0 = Release|Any CPU
	EndGlobalSection
	GlobalSection(SolutionProperties) = preSolution
		HideSolutionNode = FALSE
	EndGlobalSection
	GlobalSection(ExtensibilityGlobals) = postSolution
		SolutionGuid = {7C9BBA14-6E32-4456-9BC2-C52075F213E3}
	EndGlobalSection
EndGlobal
